
Microsoft Visual Studio Solution File, Format Version 12.00
# Visual Studio Version 17
VisualStudioVersion = 17.5.002.0
MinimumVisualStudioVersion = 10.0.40219.1
Project("{9A19103F-16F7-4668-BE54-9A1E7A4F7556}") = "task 3", "task 3.csproj", "{AB2DC96F-16DA-4747-800E-FE845BA6CA7D}"
EndProject
Global
	GlobalSection(SolutionConfigurationPlatforms) = preSolution
		Debug|Any CPU = Debug|Any CPU
		Release|Any CPU = Release|Any CPU
	EndGlobalSection
	GlobalSection(ProjectConfigurationPlatforms) = postSolution
		{AB2DC96F-16DA-4747-800E-FE845BA6CA7D}.Debug|Any CPU.ActiveCfg = Debug|Any CPU
		{AB2DC96F-16DA-4747-800E-FE845BA6CA7D}.Debug|Any CPU.Build.0 = Debug|Any CPU
		{AB2DC96F-16DA-4747-800E-FE845BA6CA7D}.Release|Any CPU.ActiveCfg = Release|Any CPU
		{AB2DC96F-16DA-4747-800E-FE845BA6CA7D}.Release|Any CPU.Build.0 = Release|Any CPU
	EndGlobalSection
	GlobalSection(SolutionProperties) = preSolution
		HideSolutionNode = FALSE
	EndGlobalSection
	GlobalSection(ExtensibilityGlobals) = postSolution
		SolutionGuid = {02C9F732-3F62-4012-827B-CB4E28C1819A}
	EndGlobalSection
EndGlobal
