
Microsoft Visual Studio Solution File, Format Version 12.00
# Visual Studio Version 17
VisualStudioVersion = 17.5.002.0
MinimumVisualStudioVersion = 10.0.40219.1
Project("{9A19103F-16F7-4668-BE54-9A1E7A4F7556}") = "task 4", "task 4.csproj", "{15555B9D-F16F-4957-9DC6-BB089EE16239}"
EndProject
Global
	GlobalSection(SolutionConfigurationPlatforms) = preSolution
		Debug|Any CPU = Debug|Any CPU
		Release|Any CPU = Release|Any CPU
	EndGlobalSection
	GlobalSection(ProjectConfigurationPlatforms) = postSolution
		{15555B9D-F16F-4957-9DC6-BB089EE16239}.Debug|Any CPU.ActiveCfg = Debug|Any CPU
		{15555B9D-F16F-4957-9DC6-BB089EE16239}.Debug|Any CPU.Build.0 = Debug|Any CPU
		{15555B9D-F16F-4957-9DC6-BB089EE16239}.Release|Any CPU.ActiveCfg = Release|Any CPU
		{15555B9D-F16F-4957-9DC6-BB089EE16239}.Release|Any CPU.Build.0 = Release|Any CPU
	EndGlobalSection
	GlobalSection(SolutionProperties) = preSolution
		HideSolutionNode = FALSE
	EndGlobalSection
	GlobalSection(ExtensibilityGlobals) = postSolution
		SolutionGuid = {0DD766ED-B846-4582-B605-0647734273DE}
	EndGlobalSection
EndGlobal
